[[dependencies]]
name = "bundler3"
version = "0.1.0"
git = "https://github.com/morpho-org/bundler3.git"
rev = "4887f33299ba6e60b54a51237b16e7392dceeb97"

[[dependencies]]
name = "forge-std"
version = "1.9.3"
url = "https://soldeer-revisions.s3.amazonaws.com/forge-std/1_9_3_30-09-2024_08:27:09_forge-std-1.9.zip"
checksum = "351b6f9cde3d9476cc07e48c1bca6b7fd93fa16dd9b450e5ad5d169d1dbd5938"
integrity = "d53734fbd7201cd9e44de730ae045ed8958dd2c7b9493c30b322f6e6c21ca8b2"

[[dependencies]]
name = "solady"
version = "0.1.1"
url = "https://soldeer-revisions.s3.amazonaws.com/solady/0_1_1_27-01-2025_17:46:37_solady.zip"
checksum = "c0135c293fd2adda7eb330f182fc8c2d5f210be8232086a1bcb7620ef98b36df"
integrity = "f494b2f1e9356e9664a55c8d6862c58e08aa9fdf4eb6fdef10c0e104bd3d7cfe"

[[dependencies]]
name = "sp1-contracts"
version = "4.0.0"
url = "https://github.com/succinctlabs/sp1-contracts/archive/refs/tags/v4.0.0.zip"
checksum = "f44ad2210b56cc2049168f5b3b13471702c4de261bcc557a3a95efc3d4e41055"
integrity = "8844dfbe5848f01e6a9fdb525f0e3c6bb777b463a8b970caa94eb54ea5f59148"
