[[dependencies]]
name = "solady"
version = "0.1.12"
url = "https://soldeer-revisions.s3.amazonaws.com/solady/0_1_12_11-03-2025_11:14:32_solady.zip"
checksum = "87d3f8c0443f6a34267c9dd8acf4f0a788379aa34b6f78d0c4c086ef0dd6a679"
integrity = "81dfe91a4a5693db197d3f77f399215f433e5ad8cad25e5e7c77d103965f44c7"

[[dependencies]]
name = "uniswap-permit2"
version = "1.0.0"
git = "https://github.com/jhubbardsf/permit2.git"
rev = "d585af5c7a73689db5d5ccf9dc8f4644c7219eb0"
